
Microsoft Visual Studio Solution File, Format Version 12.00
# Visual Studio 2013
VisualStudioVersion = 12.0.31101.0
MinimumVisualStudioVersion = 10.0.40219.1
Project("{FAE04EC0-301F-11D3-BF4B-00C04F79EFBC}") = "ExtensionUpdater", "src\ExtensionUpdater.csproj", "{545865B3-DB94-4CB4-B5F1-7A22092B334F}"
EndProject
Project("{2150E333-8FDC-42A3-9474-1A3956D46DE8}") = "Solution Items", "Solution Items", "{04473293-3BC3-42FA-90F4-105F6592990E}"
	ProjectSection(SolutionItems) = preProject
		.gitignore = .gitignore
		README.md = README.md
	EndProjectSection
EndProject
Global
	GlobalSection(SolutionConfigurationPlatforms) = preSolution
		CI|Any CPU = CI|Any CPU
		Debug|Any CPU = Debug|Any CPU
		Release|Any CPU = Release|Any CPU
	EndGlobalSection
	GlobalSection(ProjectConfigurationPlatforms) = postSolution
		{545865B3-DB94-4CB4-B5F1-7A22092B334F}.CI|Any CPU.ActiveCfg = CI|Any CPU
		{545865B3-DB94-4CB4-B5F1-7A22092B334F}.CI|Any CPU.Build.0 = CI|Any CPU
		{545865B3-DB94-4CB4-B5F1-7A22092B334F}.Debug|Any CPU.ActiveCfg = Debug|Any CPU
		{545865B3-DB94-4CB4-B5F1-7A22092B334F}.Debug|Any CPU.Build.0 = Debug|Any CPU
		{545865B3-DB94-4CB4-B5F1-7A22092B334F}.Release|Any CPU.ActiveCfg = Release|Any CPU
		{545865B3-DB94-4CB4-B5F1-7A22092B334F}.Release|Any CPU.Build.0 = Release|Any CPU
	EndGlobalSection
	GlobalSection(SolutionProperties) = preSolution
		HideSolutionNode = FALSE
	EndGlobalSection
EndGlobal
